<Solution>
  <Folder Name="/Services/">
    <Folder Name="/Services/Catalog/">
      <Project Path="services/Catalog/Catalog.Api/Catalog.Api.csproj" />
      <Project Path="services/Catalog/Catalog.Application/Catalog.Application.csproj" />
      <Project Path="services/Catalog/Catalog.Core/Catalog.Core.csproj" />
      <Project Path="services/Catalog/Catalog.Infrastructure/Catalog.Infrastructure.csproj" />
    </Folder>

    <Folder Name="/Services/Basket/">
      <Project Path="services/basket/Basket.Api/Basket.Api.csproj" />
      <Project Path="services/basket/Basket.Application/Basket.Application.csproj" />
      <Project Path="services/basket/Basket.Core/Basket.Core.csproj" />
      <Project Path="services/basket/Basket.Infrastructure/Basket.Infrastructure.csproj" />
    </Folder>
  </Folder>
  <Folder Name="/Services/basket/">
    <Project Path="services/basket/Basket.Api/Basket.Api.csproj" />
    <Project Path="services/basket/Basket.Application/Basket.Application.csproj" />
    <Project Path="services/basket/Basket.Core/Basket.Core.csproj" />
    <Project Path="services/basket/Basket.Infrastructure/Basket.Infrastructure.csproj" />
  </Folder>
  <Folder Name="/Services/Catalog/">
    <Project Path="services/Catalog/Catalog.Api/Catalog.Api.csproj" />
    <Project Path="services/Catalog/Catalog.Application/Catalog.Application.csproj" />
    <Project Path="services/Catalog/Catalog.Core/Catalog.Core.csproj" />
    <Project Path="services/Catalog/Catalog.Infrastructure/Catalog.Infrastructure.csproj" />
  </Folder>
  <Folder Name="/Services/Discount/">
    <Project Path="services/Discount/Discount.Api/Discount.Api.csproj" />
    <Project Path="services/Discount/Discount.Application/Discount.Application.csproj" Id="cf205cb0-dfae-4cc9-976a-763a4e4fe4fb" />
    <Project Path="services/Discount/Discount.Core/Discount.Core.csproj" />
    <Project Path="services/Discount/Discount.Infrastructure/Discount.Infrastructure.csproj" Id="faaf3fb4-cf6a-4629-8d4a-d5863bcbd3ad" />
  </Folder>

  <Folder Name="/Solution Items/">
    <File Path=".editorconfig" />
    <File Path="docker-compose.dcproj" />
    <File Path="docker-compose.dcproj.user" />
    <File Path="docker-compose.override.yml" />
    <File Path="docker-compose.yml" />
  </Folder>
  <Project Path="docker-compose.dcproj">
    <Build />
  </Project>
  <Project Path="ShoppingMicroservice.AppHost/ShoppingMicroservice.AppHost.csproj" Id="0d2fe33d-3569-41b4-8345-fd7f6783d13d" />
  <Project Path="ShoppingMicroservice.ServiceDefaults/ShoppingMicroservice.ServiceDefaults.csproj" />
</Solution>
