<Solution>
  <Folder Name="/Services/">
    <Project Path="Catalog.Api/Catalog.Api.csproj" />
    <Project Path="Catalog.Application/Catalog.Application.csproj" />
    <Project Path="Catalog.Core/Catalog.Core.csproj" />
    <Project Path="Catalog.Infrastructure/Catalog.Infrastructure.csproj" />
  </Folder>
  <Folder Name="/Solution Items/">
    <File Path=".editorconfig" />
    <File Path="docker-compose.dcproj" />
    <File Path="docker-compose.dcproj.user" />
    <File Path="docker-compose.override.yml" />
    <File Path="docker-compose.yml" />
  </Folder>
</Solution>
